
Microsoft Visual Studio Solution File, Format Version 12.00
# Visual Studio Version 16
VisualStudioVersion = 16.0.29806.167
MinimumVisualStudioVersion = 10.0.40219.1
Project("{FAE04EC0-301F-11D3-BF4B-00C04F79EFBC}") = "ShinyBooking", "ShinyBooking.csproj", "{40F76707-BDDB-4260-ACCC-7D98F036F97C}"
EndProject
Global
	GlobalSection(SolutionConfigurationPlatforms) = preSolution
		Debug|Any CPU = Debug|Any CPU
		Release|Any CPU = Release|Any CPU
	EndGlobalSection
	GlobalSection(ProjectConfigurationPlatforms) = postSolution
		{40F76707-BDDB-4260-ACCC-7D98F036F97C}.Debug|Any CPU.ActiveCfg = Debug|Any CPU
		{40F76707-BDDB-4260-ACCC-7D98F036F97C}.Debug|Any CPU.Build.0 = Debug|Any CPU
		{40F76707-BDDB-4260-ACCC-7D98F036F97C}.Release|Any CPU.ActiveCfg = Release|Any CPU
		{40F76707-BDDB-4260-ACCC-7D98F036F97C}.Release|Any CPU.Build.0 = Release|Any CPU
	EndGlobalSection
	GlobalSection(SolutionProperties) = preSolution
		HideSolutionNode = FALSE
	EndGlobalSection
	GlobalSection(ExtensibilityGlobals) = postSolution
		SolutionGuid = {9444AD8B-84E0-4AA8-A7CC-8265CBE23745}
	EndGlobalSection
EndGlobal
